// !$*UTF8*$!
{
	archiveVersion = 1;
	classes = {
	};
	objectVersion = 46;
	objects = {

/* Begin PBXBuildFile section */
		F44C5ED21E5B744A00C85B52 /* AppDelegate.swift in Sources */ = {isa = PBXBuildFile; fileRef = F44C5ED11E5B744A00C85B52 /* AppDelegate.swift */; };
		F44C5ED41E5B744A00C85B52 /* ViewController.swift in Sources */ = {isa = PBXBuildFile; fileRef = F44C5ED31E5B744A00C85B52 /* ViewController.swift */; };
		F44C5ED71E5B744A00C85B52 /* Main.storyboard in Resources */ = {isa = PBXBuildFile; fileRef = F44C5ED51E5B744A00C85B52 /* Main.storyboard */; };
		F44C5ED91E5B744A00C85B52 /* Assets.xcassets in Resources */ = {isa = PBXBuildFile; fileRef = F44C5ED81E5B744A00C85B52 /* Assets.xcassets */; };
		F44C5EDC1E5B744A00C85B52 /* LaunchScreen.storyboard in Resources */ = {isa = PBXBuildFile; fileRef = F44C5EDA1E5B744A00C85B52 /* LaunchScreen.storyboard */; };
		F44C5EE71E5B744A00C85B52 /* StoryboardAndNibInstantiationTests.swift in Sources */ = {isa = PBXBuildFile; fileRef = F44C5EE61E5B744A00C85B52 /* StoryboardAndNibInstantiationTests.swift */; };
		F44C5EF21E5B744A00C85B52 /* StoryboardAndNibInstantiationUITests.swift in Sources */ = {isa = PBXBuildFile; fileRef = F44C5EF11E5B744A00C85B52 /* StoryboardAndNibInstantiationUITests.swift */; };
/* End PBXBuildFile section */

/* Begin PBXContainerItemProxy section */
		F44C5EE31E5B744A00C85B52 /* PBXContainerItemProxy */ = {
			isa = PBXContainerItemProxy;
			containerPortal = F44C5EC61E5B744A00C85B52 /* Project object */;
			proxyType = 1;
			remoteGlobalIDString = F44C5ECD1E5B744A00C85B52;
			remoteInfo = StoryboardAndNibInstantiation;
		};
		F44C5EEE1E5B744A00C85B52 /* PBXContainerItemProxy */ = {
			isa = PBXContainerItemProxy;
			containerPortal = F44C5EC61E5B744A00C85B52 /* Project object */;
			proxyType = 1;
			remoteGlobalIDString = F44C5ECD1E5B744A00C85B52;
			remoteInfo = StoryboardAndNibInstantiation;
		};
/* End PBXContainerItemProxy section */

/* Begin PBXFileReference section */
		F44C5ECE1E5B744A00C85B52 /* StoryboardAndNibInstantiation.app */ = {isa = PBXFileReference; explicitFileType = wrapper.application; includeInIndex = 0; path = StoryboardAndNibInstantiation.app; sourceTree = BUILT_PRODUCTS_DIR; };
		F44C5ED11E5B744A00C85B52 /* AppDelegate.swift */ = {isa = PBXFileReference; lastKnownFileType = sourcecode.swift; path = AppDelegate.swift; sourceTree = "<group>"; };
		F44C5ED31E5B744A00C85B52 /* ViewController.swift */ = {isa = PBXFileReference; lastKnownFileType = sourcecode.swift; path = ViewController.swift; sourceTree = "<group>"; };
		F44C5ED61E5B744A00C85B52 /* Base */ = {isa = PBXFileReference; lastKnownFileType = file.storyboard; name = Base; path = Base.lproj/Main.storyboard; sourceTree = "<group>"; };
		F44C5ED81E5B744A00C85B52 /* Assets.xcassets */ = {isa = PBXFileReference; lastKnownFileType = folder.assetcatalog; path = Assets.xcassets; sourceTree = "<group>"; };
		F44C5EDB1E5B744A00C85B52 /* Base */ = {isa = PBXFileReference; lastKnownFileType = file.storyboard; name = Base; path = Base.lproj/LaunchScreen.storyboard; sourceTree = "<group>"; };
		F44C5EDD1E5B744A00C85B52 /* Info.plist */ = {isa = PBXFileReference; lastKnownFileType = text.plist.xml; path = Info.plist; sourceTree = "<group>"; };
		F44C5EE21E5B744A00C85B52 /* StoryboardAndNibInstantiationTests.xctest */ = {isa = PBXFileReference; explicitFileType = wrapper.cfbundle; includeInIndex = 0; path = StoryboardAndNibInstantiationTests.xctest; sourceTree = BUILT_PRODUCTS_DIR; };
		F44C5EE61E5B744A00C85B52 /* StoryboardAndNibInstantiationTests.swift */ = {isa = PBXFileReference; lastKnownFileType = sourcecode.swift; path = StoryboardAndNibInstantiationTests.swift; sourceTree = "<group>"; };
		F44C5EE81E5B744A00C85B52 /* Info.plist */ = {isa = PBXFileReference; lastKnownFileType = text.plist.xml; path = Info.plist; sourceTree = "<group>"; };
		F44C5EED1E5B744A00C85B52 /* StoryboardAndNibInstantiationUITests.xctest */ = {isa = PBXFileReference; explicitFileType = wrapper.cfbundle; includeInIndex = 0; path = StoryboardAndNibInstantiationUITests.xctest; sourceTree = BUILT_PRODUCTS_DIR; };
		F44C5EF11E5B744A00C85B52 /* StoryboardAndNibInstantiationUITests.swift */ = {isa = PBXFileReference; lastKnownFileType = sourcecode.swift; path = StoryboardAndNibInstantiationUITests.swift; sourceTree = "<group>"; };
		F44C5EF31E5B744A00C85B52 /* Info.plist */ = {isa = PBXFileReference; lastKnownFileType = text.plist.xml; path = Info.plist; sourceTree = "<group>"; };
/* End PBXFileReference section */

/* Begin PBXFrameworksBuildPhase section */
		F44C5ECB1E5B744A00C85B52 /* Frameworks */ = {
			isa = PBXFrameworksBuildPhase;
			buildActionMask = 2147483647;
			files = (
			);
			runOnlyForDeploymentPostprocessing = 0;
		};
		F44C5EDF1E5B744A00C85B52 /* Frameworks */ = {
			isa = PBXFrameworksBuildPhase;
			buildActionMask = 2147483647;
			files = (
			);
			runOnlyForDeploymentPostprocessing = 0;
		};
		F44C5EEA1E5B744A00C85B52 /* Frameworks */ = {
			isa = PBXFrameworksBuildPhase;
			buildActionMask = 2147483647;
			files = (
			);
			runOnlyForDeploymentPostprocessing = 0;
		};
/* End PBXFrameworksBuildPhase section */

/* Begin PBXGroup section */
		F44C5EC51E5B744A00C85B52 = {
			isa = PBXGroup;
			children = (
				F44C5ED01E5B744A00C85B52 /* StoryboardAndNibInstantiation */,
				F44C5EE51E5B744A00C85B52 /* StoryboardAndNibInstantiationTests */,
				F44C5EF01E5B744A00C85B52 /* StoryboardAndNibInstantiationUITests */,
				F44C5ECF1E5B744A00C85B52 /* Products */,
			);
			sourceTree = "<group>";
		};
		F44C5ECF1E5B744A00C85B52 /* Products */ = {
			isa = PBXGroup;
			children = (
				F44C5ECE1E5B744A00C85B52 /* StoryboardAndNibInstantiation.app */,
				F44C5EE21E5B744A00C85B52 /* StoryboardAndNibInstantiationTests.xctest */,
				F44C5EED1E5B744A00C85B52 /* StoryboardAndNibInstantiationUITests.xctest */,
			);
			name = Products;
			sourceTree = "<group>";
		};
		F44C5ED01E5B744A00C85B52 /* StoryboardAndNibInstantiation */ = {
			isa = PBXGroup;
			children = (
				F44C5ED11E5B744A00C85B52 /* AppDelegate.swift */,
				F44C5ED31E5B744A00C85B52 /* ViewController.swift */,
				F44C5ED51E5B744A00C85B52 /* Main.storyboard */,
				F44C5ED81E5B744A00C85B52 /* Assets.xcassets */,
				F44C5EDA1E5B744A00C85B52 /* LaunchScreen.storyboard */,
				F44C5EDD1E5B744A00C85B52 /* Info.plist */,
			);
			path = StoryboardAndNibInstantiation;
			sourceTree = "<group>";
		};
		F44C5EE51E5B744A00C85B52 /* StoryboardAndNibInstantiationTests */ = {
			isa = PBXGroup;
			children = (
				F44C5EE61E5B744A00C85B52 /* StoryboardAndNibInstantiationTests.swift */,
				F44C5EE81E5B744A00C85B52 /* Info.plist */,
			);
			path = StoryboardAndNibInstantiationTests;
			sourceTree = "<group>";
		};
		F44C5EF01E5B744A00C85B52 /* StoryboardAndNibInstantiationUITests */ = {
			isa = PBXGroup;
			children = (
				F44C5EF11E5B744A00C85B52 /* StoryboardAndNibInstantiationUITests.swift */,
				F44C5EF31E5B744A00C85B52 /* Info.plist */,
			);
			path = StoryboardAndNibInstantiationUITests;
			sourceTree = "<group>";
		};
/* End PBXGroup section */

/* Begin PBXNativeTarget section */
		F44C5ECD1E5B744A00C85B52 /* StoryboardAndNibInstantiation */ = {
			isa = PBXNativeTarget;
			buildConfigurationList = F44C5EF61E5B744A00C85B52 /* Build configuration list for PBXNativeTarget "StoryboardAndNibInstantiation" */;
			buildPhases = (
				F44C5ECA1E5B744A00C85B52 /* Sources */,
				F44C5ECB1E5B744A00C85B52 /* Frameworks */,
				F44C5ECC1E5B744A00C85B52 /* Resources */,
			);
			buildRules = (
			);
			dependencies = (
			);
			name = StoryboardAndNibInstantiation;
			productName = StoryboardAndNibInstantiation;
			productReference = F44C5ECE1E5B744A00C85B52 /* StoryboardAndNibInstantiation.app */;
			productType = "com.apple.product-type.application";
		};
		F44C5EE11E5B744A00C85B52 /* StoryboardAndNibInstantiationTests */ = {
			isa = PBXNativeTarget;
			buildConfigurationList = F44C5EF91E5B744A00C85B52 /* Build configuration list for PBXNativeTarget "StoryboardAndNibInstantiationTests" */;
			buildPhases = (
				F44C5EDE1E5B744A00C85B52 /* Sources */,
				F44C5EDF1E5B744A00C85B52 /* Frameworks */,
				F44C5EE01E5B744A00C85B52 /* Resources */,
			);
			buildRules = (
			);
			dependencies = (
				F44C5EE41E5B744A00C85B52 /* PBXTargetDependency */,
			);
			name = StoryboardAndNibInstantiationTests;
			productName = StoryboardAndNibInstantiationTests;
			productReference = F44C5EE21E5B744A00C85B52 /* StoryboardAndNibInstantiationTests.xctest */;
			productType = "com.apple.product-type.bundle.unit-test";
		};
		F44C5EEC1E5B744A00C85B52 /* StoryboardAndNibInstantiationUITests */ = {
			isa = PBXNativeTarget;
			buildConfigurationList = F44C5EFC1E5B744A00C85B52 /* Build configuration list for PBXNativeTarget "StoryboardAndNibInstantiationUITests" */;
			buildPhases = (
				F44C5EE91E5B744A00C85B52 /* Sources */,
				F44C5EEA1E5B744A00C85B52 /* Frameworks */,
				F44C5EEB1E5B744A00C85B52 /* Resources */,
			);
			buildRules = (
			);
			dependencies = (
				F44C5EEF1E5B744A00C85B52 /* PBXTargetDependency */,
			);
			name = StoryboardAndNibInstantiationUITests;
			productName = StoryboardAndNibInstantiationUITests;
			productReference = F44C5EED1E5B744A00C85B52 /* StoryboardAndNibInstantiationUITests.xctest */;
			productType = "com.apple.product-type.bundle.ui-testing";
		};
/* End PBXNativeTarget section */

/* Begin PBXProject section */
		F44C5EC61E5B744A00C85B52 /* Project object */ = {
			isa = PBXProject;
			attributes = {
				LastSwiftUpdateCheck = 0820;
				LastUpgradeCheck = 0820;
				ORGANIZATIONNAME = "Simon Kågedal Reimer";
				TargetAttributes = {
					F44C5ECD1E5B744A00C85B52 = {
						CreatedOnToolsVersion = 8.2;
						DevelopmentTeam = HLC422N3AR;
						ProvisioningStyle = Automatic;
					};
					F44C5EE11E5B744A00C85B52 = {
						CreatedOnToolsVersion = 8.2;
						DevelopmentTeam = HLC422N3AR;
						ProvisioningStyle = Automatic;
						TestTargetID = F44C5ECD1E5B744A00C85B52;
					};
					F44C5EEC1E5B744A00C85B52 = {
						CreatedOnToolsVersion = 8.2;
						DevelopmentTeam = HLC422N3AR;
						ProvisioningStyle = Automatic;
						TestTargetID = F44C5ECD1E5B744A00C85B52;
					};
				};
			};
			buildConfigurationList = F44C5EC91E5B744A00C85B52 /* Build configuration list for PBXProject "StoryboardAndNibInstantiation" */;
			compatibilityVersion = "Xcode 3.2";
			developmentRegion = English;
			hasScannedForEncodings = 0;
			knownRegions = (
				en,
				Base,
			);
			mainGroup = F44C5EC51E5B744A00C85B52;
			productRefGroup = F44C5ECF1E5B744A00C85B52 /* Products */;
			projectDirPath = "";
			projectRoot = "";
			targets = (
				F44C5ECD1E5B744A00C85B52 /* StoryboardAndNibInstantiation */,
				F44C5EE11E5B744A00C85B52 /* StoryboardAndNibInstantiationTests */,
				F44C5EEC1E5B744A00C85B52 /* StoryboardAndNibInstantiationUITests */,
			);
		};
/* End PBXProject section */

/* Begin PBXResourcesBuildPhase section */
		F44C5ECC1E5B744A00C85B52 /* Resources */ = {
			isa = PBXResourcesBuildPhase;
			buildActionMask = 2147483647;
			files = (
				F44C5EDC1E5B744A00C85B52 /* LaunchScreen.storyboard in Resources */,
				F44C5ED91E5B744A00C85B52 /* Assets.xcassets in Resources */,
				F44C5ED71E5B744A00C85B52 /* Main.storyboard in Resources */,
			);
			runOnlyForDeploymentPostprocessing = 0;
		};
		F44C5EE01E5B744A00C85B52 /* Resources */ = {
			isa = PBXResourcesBuildPhase;
			buildActionMask = 2147483647;
			files = (
			);
			runOnlyForDeploymentPostprocessing = 0;
		};
		F44C5EEB1E5B744A00C85B52 /* Resources */ = {
			isa = PBXResourcesBuildPhase;
			buildActionMask = 2147483647;
			files = (
			);
			runOnlyForDeploymentPostprocessing = 0;
		};
/* End PBXResourcesBuildPhase section */

/* Begin PBXSourcesBuildPhase section */
		F44C5ECA1E5B744A00C85B52 /* Sources */ = {
			isa = PBXSourcesBuildPhase;
			buildActionMask = 2147483647;
			files = (
				F44C5ED41E5B744A00C85B52 /* ViewController.swift in Sources */,
				F44C5ED21E5B744A00C85B52 /* AppDelegate.swift in Sources */,
			);
			runOnlyForDeploymentPostprocessing = 0;
		};
		F44C5EDE1E5B744A00C85B52 /* Sources */ = {
			isa = PBXSourcesBuildPhase;
			buildActionMask = 2147483647;
			files = (
				F44C5EE71E5B744A00C85B52 /* StoryboardAndNibInstantiationTests.swift in Sources */,
			);
			runOnlyForDeploymentPostprocessing = 0;
		};
		F44C5EE91E5B744A00C85B52 /* Sources */ = {
			isa = PBXSourcesBuildPhase;
			buildActionMask = 2147483647;
			files = (
				F44C5EF21E5B744A00C85B52 /* StoryboardAndNibInstantiationUITests.swift in Sources */,
			);
			runOnlyForDeploymentPostprocessing = 0;
		};
/* End PBXSourcesBuildPhase section */

/* Begin PBXTargetDependency section */
		F44C5EE41E5B744A00C85B52 /* PBXTargetDependency */ = {
			isa = PBXTargetDependency;
			target = F44C5ECD1E5B744A00C85B52 /* StoryboardAndNibInstantiation */;
			targetProxy = F44C5EE31E5B744A00C85B52 /* PBXContainerItemProxy */;
		};
		F44C5EEF1E5B744A00C85B52 /* PBXTargetDependency */ = {
			isa = PBXTargetDependency;
			target = F44C5ECD1E5B744A00C85B52 /* StoryboardAndNibInstantiation */;
			targetProxy = F44C5EEE1E5B744A00C85B52 /* PBXContainerItemProxy */;
		};
/* End PBXTargetDependency section */

/* Begin PBXVariantGroup section */
		F44C5ED51E5B744A00C85B52 /* Main.storyboard */ = {
			isa = PBXVariantGroup;
			children = (
				F44C5ED61E5B744A00C85B52 /* Base */,
			);
			name = Main.storyboard;
			sourceTree = "<group>";
		};
		F44C5EDA1E5B744A00C85B52 /* LaunchScreen.storyboard */ = {
			isa = PBXVariantGroup;
			children = (
				F44C5EDB1E5B744A00C85B52 /* Base */,
			);
			name = LaunchScreen.storyboard;
			sourceTree = "<group>";
		};
/* End PBXVariantGroup section */

/* Begin XCBuildConfiguration section */
		F44C5EF41E5B744A00C85B52 /* Debug */ = {
			isa = XCBuildConfiguration;
			buildSettings = {
				ALWAYS_SEARCH_USER_PATHS = NO;
				CLANG_ANALYZER_NONNULL = YES;
				CLANG_CXX_LANGUAGE_STANDARD = "gnu++0x";
				CLANG_CXX_LIBRARY = "libc++";
				CLANG_ENABLE_MODULES = YES;
				CLANG_ENABLE_OBJC_ARC = YES;
				CLANG_WARN_BOOL_CONVERSION = YES;
				CLANG_WARN_CONSTANT_CONVERSION = YES;
				CLANG_WARN_DIRECT_OBJC_ISA_USAGE = YES_ERROR;
				CLANG_WARN_DOCUMENTATION_COMMENTS = YES;
				CLANG_WARN_EMPTY_BODY = YES;
				CLANG_WARN_ENUM_CONVERSION = YES;
				CLANG_WARN_INFINITE_RECURSION = YES;
				CLANG_WARN_INT_CONVERSION = YES;
				CLANG_WARN_OBJC_ROOT_CLASS = YES_ERROR;
				CLANG_WARN_SUSPICIOUS_MOVE = YES;
				CLANG_WARN_UNREACHABLE_CODE = YES;
				CLANG_WARN__DUPLICATE_METHOD_MATCH = YES;
				"CODE_SIGN_IDENTITY[sdk=iphoneos*]" = "iPhone Developer";
				COPY_PHASE_STRIP = NO;
				DEBUG_INFORMATION_FORMAT = dwarf;
				ENABLE_STRICT_OBJC_MSGSEND = YES;
				ENABLE_TESTABILITY = YES;
				GCC_C_LANGUAGE_STANDARD = gnu99;
				GCC_DYNAMIC_NO_PIC = NO;
				GCC_NO_COMMON_BLOCKS = YES;
				GCC_OPTIMIZATION_LEVEL = 0;
				GCC_PREPROCESSOR_DEFINITIONS = (
					"DEBUG=1",
					"$(inherited)",
				);
				GCC_WARN_64_TO_32_BIT_CONVERSION = YES;
				GCC_WARN_ABOUT_RETURN_TYPE = YES_ERROR;
				GCC_WARN_UNDECLARED_SELECTOR = YES;
				GCC_WARN_UNINITIALIZED_AUTOS = YES_AGGRESSIVE;
				GCC_WARN_UNUSED_FUNCTION = YES;
				GCC_WARN_UNUSED_VARIABLE = YES;
				IPHONEOS_DEPLOYMENT_TARGET = 10.2;
				MTL_ENABLE_DEBUG_INFO = YES;
				ONLY_ACTIVE_ARCH = YES;
				SDKROOT = iphoneos;
				SWIFT_ACTIVE_COMPILATION_CONDITIONS = DEBUG;
				SWIFT_OPTIMIZATION_LEVEL = "-Onone";
				TARGETED_DEVICE_FAMILY = "1,2";
			};
			name = Debug;
		};
		F44C5EF51E5B744A00C85B52 /* Release */ = {
			isa = XCBuildConfiguration;
			buildSettings = {
				ALWAYS_SEARCH_USER_PATHS = NO;
				CLANG_ANALYZER_NONNULL = YES;
				CLANG_CXX_LANGUAGE_STANDARD = "gnu++0x";
				CLANG_CXX_LIBRARY = "libc++";
				CLANG_ENABLE_MODULES = YES;
				CLANG_ENABLE_OBJC_ARC = YES;
				CLANG_WARN_BOOL_CONVERSION = YES;
				CLANG_WARN_CONSTANT_CONVERSION = YES;
				CLANG_WARN_DIRECT_OBJC_ISA_USAGE = YES_ERROR;
				CLANG_WARN_DOCUMENTATION_COMMENTS = YES;
				CLANG_WARN_EMPTY_BODY = YES;
				CLANG_WARN_ENUM_CONVERSION = YES;
				CLANG_WARN_INFINITE_RECURSION = YES;
				CLANG_WARN_INT_CONVERSION = YES;
				CLANG_WARN_OBJC_ROOT_CLASS = YES_ERROR;
				CLANG_WARN_SUSPICIOUS_MOVE = YES;
				CLANG_WARN_UNREACHABLE_CODE = YES;
				CLANG_WARN__DUPLICATE_METHOD_MATCH = YES;
				"CODE_SIGN_IDENTITY[sdk=iphoneos*]" = "iPhone Developer";
				COPY_PHASE_STRIP = NO;
				DEBUG_INFORMATION_FORMAT = "dwarf-with-dsym";
				ENABLE_NS_ASSERTIONS = NO;
				ENABLE_STRICT_OBJC_MSGSEND = YES;
				GCC_C_LANGUAGE_STANDARD = gnu99;
				GCC_NO_COMMON_BLOCKS = YES;
				GCC_WARN_64_TO_32_BIT_CONVERSION = YES;
				GCC_WARN_ABOUT_RETURN_TYPE = YES_ERROR;
				GCC_WARN_UNDECLARED_SELECTOR = YES;
				GCC_WARN_UNINITIALIZED_AUTOS = YES_AGGRESSIVE;
				GCC_WARN_UNUSED_FUNCTION = YES;
				GCC_WARN_UNUSED_VARIABLE = YES;
				IPHONEOS_DEPLOYMENT_TARGET = 10.2;
				MTL_ENABLE_DEBUG_INFO = NO;
				SDKROOT = iphoneos;
				SWIFT_OPTIMIZATION_LEVEL = "-Owholemodule";
				TARGETED_DEVICE_FAMILY = "1,2";
				VALIDATE_PRODUCT = YES;
			};
			name = Release;
		};
		F44C5EF71E5B744A00C85B52 /* Debug */ = {
			isa = XCBuildConfiguration;
			buildSettings = {
				ASSETCATALOG_COMPILER_APPICON_NAME = AppIcon;
				DEVELOPMENT_TEAM = HLC422N3AR;
				INFOPLIST_FILE = StoryboardAndNibInstantiation/Info.plist;
				LD_RUNPATH_SEARCH_PATHS = "$(inherited) @executable_path/Frameworks";
				PRODUCT_BUNDLE_IDENTIFIER = net.helgo.simon.StoryboardAndNibInstantiation;
				PRODUCT_NAME = "$(TARGET_NAME)";
				SWIFT_VERSION = 3.0;
			};
			name = Debug;
		};
		F44C5EF81E5B744A00C85B52 /* Release */ = {
			isa = XCBuildConfiguration;
			buildSettings = {
				ASSETCATALOG_COMPILER_APPICON_NAME = AppIcon;
				DEVELOPMENT_TEAM = HLC422N3AR;
				INFOPLIST_FILE = StoryboardAndNibInstantiation/Info.plist;
				LD_RUNPATH_SEARCH_PATHS = "$(inherited) @executable_path/Frameworks";
				PRODUCT_BUNDLE_IDENTIFIER = net.helgo.simon.StoryboardAndNibInstantiation;
				PRODUCT_NAME = "$(TARGET_NAME)";
				SWIFT_VERSION = 3.0;
			};
			name = Release;
		};
		F44C5EFA1E5B744A00C85B52 /* Debug */ = {
			isa = XCBuildConfiguration;
			buildSettings = {
				ALWAYS_EMBED_SWIFT_STANDARD_LIBRARIES = YES;
				BUNDLE_LOADER = "$(TEST_HOST)";
				DEVELOPMENT_TEAM = HLC422N3AR;
				INFOPLIST_FILE = StoryboardAndNibInstantiationTests/Info.plist;
				LD_RUNPATH_SEARCH_PATHS = "$(inherited) @executable_path/Frameworks @loader_path/Frameworks";
				PRODUCT_BUNDLE_IDENTIFIER = net.helgo.simon.StoryboardAndNibInstantiationTests;
				PRODUCT_NAME = "$(TARGET_NAME)";
				SWIFT_VERSION = 3.0;
				TEST_HOST = "$(BUILT_PRODUCTS_DIR)/StoryboardAndNibInstantiation.app/StoryboardAndNibInstantiation";
			};
			name = Debug;
		};
		F44C5EFB1E5B744A00C85B52 /* Release */ = {
			isa = XCBuildConfiguration;
			buildSettings = {
				ALWAYS_EMBED_SWIFT_STANDARD_LIBRARIES = YES;
				BUNDLE_LOADER = "$(TEST_HOST)";
				DEVELOPMENT_TEAM = HLC422N3AR;
				INFOPLIST_FILE = StoryboardAndNibInstantiationTests/Info.plist;
				LD_RUNPATH_SEARCH_PATHS = "$(inherited) @executable_path/Frameworks @loader_path/Frameworks";
				PRODUCT_BUNDLE_IDENTIFIER = net.helgo.simon.StoryboardAndNibInstantiationTests;
				PRODUCT_NAME = "$(TARGET_NAME)";
				SWIFT_VERSION = 3.0;
				TEST_HOST = "$(BUILT_PRODUCTS_DIR)/StoryboardAndNibInstantiation.app/StoryboardAndNibInstantiation";
			};
			name = Release;
		};
		F44C5EFD1E5B744A00C85B52 /* Debug */ = {
			isa = XCBuildConfiguration;
			buildSettings = {
				ALWAYS_EMBED_SWIFT_STANDARD_LIBRARIES = YES;
				DEVELOPMENT_TEAM = HLC422N3AR;
				INFOPLIST_FILE = StoryboardAndNibInstantiationUITests/Info.plist;
				LD_RUNPATH_SEARCH_PATHS = "$(inherited) @executable_path/Frameworks @loader_path/Frameworks";
				PRODUCT_BUNDLE_IDENTIFIER = net.helgo.simon.StoryboardAndNibInstantiationUITests;
				PRODUCT_NAME = "$(TARGET_NAME)";
				SWIFT_VERSION = 3.0;
				TEST_TARGET_NAME = StoryboardAndNibInstantiation;
			};
			name = Debug;
		};
		F44C5EFE1E5B744A00C85B52 /* Release */ = {
			isa = XCBuildConfiguration;
			buildSettings = {
				ALWAYS_EMBED_SWIFT_STANDARD_LIBRARIES = YES;
				DEVELOPMENT_TEAM = HLC422N3AR;
				INFOPLIST_FILE = StoryboardAndNibInstantiationUITests/Info.plist;
				LD_RUNPATH_SEARCH_PATHS = "$(inherited) @executable_path/Frameworks @loader_path/Frameworks";
				PRODUCT_BUNDLE_IDENTIFIER = net.helgo.simon.StoryboardAndNibInstantiationUITests;
				PRODUCT_NAME = "$(TARGET_NAME)";
				SWIFT_VERSION = 3.0;
				TEST_TARGET_NAME = StoryboardAndNibInstantiation;
			};
			name = Release;
		};
/* End XCBuildConfiguration section */

/* Begin XCConfigurationList section */
		F44C5EC91E5B744A00C85B52 /* Build configuration list for PBXProject "StoryboardAndNibInstantiation" */ = {
			isa = XCConfigurationList;
			buildConfigurations = (
				F44C5EF41E5B744A00C85B52 /* Debug */,
				F44C5EF51E5B744A00C85B52 /* Release */,
			);
			defaultConfigurationIsVisible = 0;
			defaultConfigurationName = Release;
		};
		F44C5EF61E5B744A00C85B52 /* Build configuration list for PBXNativeTarget "StoryboardAndNibInstantiation" */ = {
			isa = XCConfigurationList;
			buildConfigurations = (
				F44C5EF71E5B744A00C85B52 /* Debug */,
				F44C5EF81E5B744A00C85B52 /* Release */,
			);
			defaultConfigurationIsVisible = 0;
		};
		F44C5EF91E5B744A00C85B52 /* Build configuration list for PBXNativeTarget "StoryboardAndNibInstantiationTests" */ = {
			isa = XCConfigurationList;
			buildConfigurations = (
				F44C5EFA1E5B744A00C85B52 /* Debug */,
				F44C5EFB1E5B744A00C85B52 /* Release */,
			);
			defaultConfigurationIsVisible = 0;
		};
		F44C5EFC1E5B744A00C85B52 /* Build configuration list for PBXNativeTarget "StoryboardAndNibInstantiationUITests" */ = {
			isa = XCConfigurationList;
			buildConfigurations = (
				F44C5EFD1E5B744A00C85B52 /* Debug */,
				F44C5EFE1E5B744A00C85B52 /* Release */,
			);
			defaultConfigurationIsVisible = 0;
		};
/* End XCConfigurationList section */
	};
	rootObject = F44C5EC61E5B744A00C85B52 /* Project object */;
}
